
Microsoft Visual Studio Solution File, Format Version 12.00
# Visual Studio Version 17
VisualStudioVersion = 17.4.33213.308
MinimumVisualStudioVersion = 10.0.40219.1
Project("{888888A0-9F3D-457C-B088-3A5042F75D52}") = "y2", "y2\y2.pyproj", "{AA7A6C7A-9680-4605-88F8-C0B67E68D8BD}"
EndProject
Global
	GlobalSection(SolutionConfigurationPlatforms) = preSolution
		Debug|Any CPU = Debug|Any CPU
		Release|Any CPU = Release|Any CPU
	EndGlobalSection
	GlobalSection(ProjectConfigurationPlatforms) = postSolution
		{AA7A6C7A-9680-4605-88F8-C0B67E68D8BD}.Debug|Any CPU.ActiveCfg = Debug|Any CPU
		{AA7A6C7A-9680-4605-88F8-C0B67E68D8BD}.Release|Any CPU.ActiveCfg = Release|Any CPU
	EndGlobalSection
	GlobalSection(SolutionProperties) = preSolution
		HideSolutionNode = FALSE
	EndGlobalSection
	GlobalSection(ExtensibilityGlobals) = postSolution
		SolutionGuid = {779E90E4-6937-428A-9169-1194F28A6463}
	EndGlobalSection
EndGlobal
